// !$*UTF8*$!
{
	archiveVersion = 1;
	classes = {
	};
	objectVersion = 56;
	objects = {

/* Begin PBXBuildFile section */
		06CCD7C92C773D3100C3A1CA /* FirstAppApp.swift in Sources */ = {isa = PBXBuildFile; fileRef = 06CCD7C82C773D3100C3A1CA /* FirstAppApp.swift */; };
		06CCD7CB2C773D3100C3A1CA /* ContentView.swift in Sources */ = {isa = PBXBuildFile; fileRef = 06CCD7CA2C773D3100C3A1CA /* ContentView.swift */; };
		06CCD7CD2C773D3300C3A1CA /* Assets.xcassets in Resources */ = {isa = PBXBuildFile; fileRef = 06CCD7CC2C773D3300C3A1CA /* Assets.xcassets */; };
		06CCD7D02C773D3300C3A1CA /* Preview Assets.xcassets in Resources */ = {isa = PBXBuildFile; fileRef = 06CCD7CF2C773D3300C3A1CA /* Preview Assets.xcassets */; };
		06CCD7DA2C773D3400C3A1CA /* FirstAppTests.swift in Sources */ = {isa = PBXBuildFile; fileRef = 06CCD7D92C773D3400C3A1CA /* FirstAppTests.swift */; };
		06CCD7E42C773D3400C3A1CA /* FirstAppUITests.swift in Sources */ = {isa = PBXBuildFile; fileRef = 06CCD7E32C773D3400C3A1CA /* FirstAppUITests.swift */; };
		06CCD7E62C773D3400C3A1CA /* FirstAppUITestsLaunchTests.swift in Sources */ = {isa = PBXBuildFile; fileRef = 06CCD7E52C773D3400C3A1CA /* FirstAppUITestsLaunchTests.swift */; };
		06CCD7F62C7742D300C3A1CA /* Main.swift in Sources */ = {isa = PBXBuildFile; fileRef = 06CCD7F52C7742D300C3A1CA /* Main.swift */; };
		06CCD7F92C77497100C3A1CA /* LocationView.swift in Sources */ = {isa = PBXBuildFile; fileRef = 06CCD7F82C77497100C3A1CA /* LocationView.swift */; };
/* End PBXBuildFile section */

/* Begin PBXContainerItemProxy section */
		06CCD7D62C773D3400C3A1CA /* PBXContainerItemProxy */ = {
			isa = PBXContainerItemProxy;
			containerPortal = 06CCD7BD2C773D3100C3A1CA /* Project object */;
			proxyType = 1;
			remoteGlobalIDString = 06CCD7C42C773D3100C3A1CA;
			remoteInfo = FirstApp;
		};
		06CCD7E02C773D3400C3A1CA /* PBXContainerItemProxy */ = {
			isa = PBXContainerItemProxy;
			containerPortal = 06CCD7BD2C773D3100C3A1CA /* Project object */;
			proxyType = 1;
			remoteGlobalIDString = 06CCD7C42C773D3100C3A1CA;
			remoteInfo = FirstApp;
		};
/* End PBXContainerItemProxy section */

/* Begin PBXFileReference section */
		06CCD7C52C773D3100C3A1CA /* FirstApp.app */ = {isa = PBXFileReference; explicitFileType = wrapper.application; includeInIndex = 0; path = FirstApp.app; sourceTree = BUILT_PRODUCTS_DIR; };
		06CCD7C82C773D3100C3A1CA /* FirstAppApp.swift */ = {isa = PBXFileReference; lastKnownFileType = sourcecode.swift; path = FirstAppApp.swift; sourceTree = "<group>"; };
		06CCD7CA2C773D3100C3A1CA /* ContentView.swift */ = {isa = PBXFileReference; lastKnownFileType = sourcecode.swift; path = ContentView.swift; sourceTree = "<group>"; };
		06CCD7CC2C773D3300C3A1CA /* Assets.xcassets */ = {isa = PBXFileReference; lastKnownFileType = folder.assetcatalog; path = Assets.xcassets; sourceTree = "<group>"; };
		06CCD7CF2C773D3300C3A1CA /* Preview Assets.xcassets */ = {isa = PBXFileReference; lastKnownFileType = folder.assetcatalog; path = "Preview Assets.xcassets"; sourceTree = "<group>"; };
		06CCD7D52C773D3400C3A1CA /* FirstAppTests.xctest */ = {isa = PBXFileReference; explicitFileType = wrapper.cfbundle; includeInIndex = 0; path = FirstAppTests.xctest; sourceTree = BUILT_PRODUCTS_DIR; };
		06CCD7D92C773D3400C3A1CA /* FirstAppTests.swift */ = {isa = PBXFileReference; lastKnownFileType = sourcecode.swift; path = FirstAppTests.swift; sourceTree = "<group>"; };
		06CCD7DF2C773D3400C3A1CA /* FirstAppUITests.xctest */ = {isa = PBXFileReference; explicitFileType = wrapper.cfbundle; includeInIndex = 0; path = FirstAppUITests.xctest; sourceTree = BUILT_PRODUCTS_DIR; };
		06CCD7E32C773D3400C3A1CA /* FirstAppUITests.swift */ = {isa = PBXFileReference; lastKnownFileType = sourcecode.swift; path = FirstAppUITests.swift; sourceTree = "<group>"; };
		06CCD7E52C773D3400C3A1CA /* FirstAppUITestsLaunchTests.swift */ = {isa = PBXFileReference; lastKnownFileType = sourcecode.swift; path = FirstAppUITestsLaunchTests.swift; sourceTree = "<group>"; };
		06CCD7F22C773D6500C3A1CA /* FirstApp.entitlements */ = {isa = PBXFileReference; lastKnownFileType = text.plist.entitlements; path = FirstApp.entitlements; sourceTree = "<group>"; };
		06CCD7F32C773DAD00C3A1CA /* Info.plist */ = {isa = PBXFileReference; lastKnownFileType = text.plist; path = Info.plist; sourceTree = "<group>"; };
		06CCD7F52C7742D300C3A1CA /* Main.swift */ = {isa = PBXFileReference; lastKnownFileType = sourcecode.swift; path = Main.swift; sourceTree = "<group>"; };
		06CCD7F82C77497100C3A1CA /* LocationView.swift */ = {isa = PBXFileReference; lastKnownFileType = sourcecode.swift; path = LocationView.swift; sourceTree = "<group>"; };
/* End PBXFileReference section */

/* Begin PBXFrameworksBuildPhase section */
		06CCD7C22C773D3100C3A1CA /* Frameworks */ = {
			isa = PBXFrameworksBuildPhase;
			buildActionMask = 2147483647;
			files = (
			);
			runOnlyForDeploymentPostprocessing = 0;
		};
		06CCD7D22C773D3400C3A1CA /* Frameworks */ = {
			isa = PBXFrameworksBuildPhase;
			buildActionMask = 2147483647;
			files = (
			);
			runOnlyForDeploymentPostprocessing = 0;
		};
		06CCD7DC2C773D3400C3A1CA /* Frameworks */ = {
			isa = PBXFrameworksBuildPhase;
			buildActionMask = 2147483647;
			files = (
			);
			runOnlyForDeploymentPostprocessing = 0;
		};
/* End PBXFrameworksBuildPhase section */

/* Begin PBXGroup section */
		06CCD7BC2C773D3100C3A1CA = {
			isa = PBXGroup;
			children = (
				06CCD7C72C773D3100C3A1CA /* FirstApp */,
				06CCD7D82C773D3400C3A1CA /* FirstAppTests */,
				06CCD7E22C773D3400C3A1CA /* FirstAppUITests */,
				06CCD7C62C773D3100C3A1CA /* Products */,
			);
			sourceTree = "<group>";
		};
		06CCD7C62C773D3100C3A1CA /* Products */ = {
			isa = PBXGroup;
			children = (
				06CCD7C52C773D3100C3A1CA /* FirstApp.app */,
				06CCD7D52C773D3400C3A1CA /* FirstAppTests.xctest */,
				06CCD7DF2C773D3400C3A1CA /* FirstAppUITests.xctest */,
			);
			name = Products;
			sourceTree = "<group>";
		};
		06CCD7C72C773D3100C3A1CA /* FirstApp */ = {
			isa = PBXGroup;
			children = (
				06CCD7CA2C773D3100C3A1CA /* ContentView.swift */,
				06CCD7F72C77486200C3A1CA /* Views */,
				06CCD7F42C7742B600C3A1CA /* Application */,
				06CCD7F32C773DAD00C3A1CA /* Info.plist */,
				06CCD7F22C773D6500C3A1CA /* FirstApp.entitlements */,
				06CCD7C82C773D3100C3A1CA /* FirstAppApp.swift */,
				06CCD7CC2C773D3300C3A1CA /* Assets.xcassets */,
				06CCD7CE2C773D3300C3A1CA /* Preview Content */,
			);
			path = FirstApp;
			sourceTree = "<group>";
		};
		06CCD7CE2C773D3300C3A1CA /* Preview Content */ = {
			isa = PBXGroup;
			children = (
				06CCD7CF2C773D3300C3A1CA /* Preview Assets.xcassets */,
			);
			path = "Preview Content";
			sourceTree = "<group>";
		};
		06CCD7D82C773D3400C3A1CA /* FirstAppTests */ = {
			isa = PBXGroup;
			children = (
				06CCD7D92C773D3400C3A1CA /* FirstAppTests.swift */,
			);
			path = FirstAppTests;
			sourceTree = "<group>";
		};
		06CCD7E22C773D3400C3A1CA /* FirstAppUITests */ = {
			isa = PBXGroup;
			children = (
				06CCD7E32C773D3400C3A1CA /* FirstAppUITests.swift */,
				06CCD7E52C773D3400C3A1CA /* FirstAppUITestsLaunchTests.swift */,
			);
			path = FirstAppUITests;
			sourceTree = "<group>";
		};
		06CCD7F42C7742B600C3A1CA /* Application */ = {
			isa = PBXGroup;
			children = (
				06CCD7F52C7742D300C3A1CA /* Main.swift */,
			);
			path = Application;
			sourceTree = "<group>";
		};
		06CCD7F72C77486200C3A1CA /* Views */ = {
			isa = PBXGroup;
			children = (
				06CCD7F82C77497100C3A1CA /* LocationView.swift */,
			);
			path = Views;
			sourceTree = "<group>";
		};
/* End PBXGroup section */

/* Begin PBXNativeTarget section */
		06CCD7C42C773D3100C3A1CA /* FirstApp */ = {
			isa = PBXNativeTarget;
			buildConfigurationList = 06CCD7E92C773D3400C3A1CA /* Build configuration list for PBXNativeTarget "FirstApp" */;
			buildPhases = (
				06CCD7C12C773D3100C3A1CA /* Sources */,
				06CCD7C22C773D3100C3A1CA /* Frameworks */,
				06CCD7C32C773D3100C3A1CA /* Resources */,
			);
			buildRules = (
			);
			dependencies = (
			);
			name = FirstApp;
			productName = FirstApp;
			productReference = 06CCD7C52C773D3100C3A1CA /* FirstApp.app */;
			productType = "com.apple.product-type.application";
		};
		06CCD7D42C773D3400C3A1CA /* FirstAppTests */ = {
			isa = PBXNativeTarget;
			buildConfigurationList = 06CCD7EC2C773D3400C3A1CA /* Build configuration list for PBXNativeTarget "FirstAppTests" */;
			buildPhases = (
				06CCD7D12C773D3400C3A1CA /* Sources */,
				06CCD7D22C773D3400C3A1CA /* Frameworks */,
				06CCD7D32C773D3400C3A1CA /* Resources */,
			);
			buildRules = (
			);
			dependencies = (
				06CCD7D72C773D3400C3A1CA /* PBXTargetDependency */,
			);
			name = FirstAppTests;
			productName = FirstAppTests;
			productReference = 06CCD7D52C773D3400C3A1CA /* FirstAppTests.xctest */;
			productType = "com.apple.product-type.bundle.unit-test";
		};
		06CCD7DE2C773D3400C3A1CA /* FirstAppUITests */ = {
			isa = PBXNativeTarget;
			buildConfigurationList = 06CCD7EF2C773D3400C3A1CA /* Build configuration list for PBXNativeTarget "FirstAppUITests" */;
			buildPhases = (
				06CCD7DB2C773D3400C3A1CA /* Sources */,
				06CCD7DC2C773D3400C3A1CA /* Frameworks */,
				06CCD7DD2C773D3400C3A1CA /* Resources */,
			);
			buildRules = (
			);
			dependencies = (
				06CCD7E12C773D3400C3A1CA /* PBXTargetDependency */,
			);
			name = FirstAppUITests;
			productName = FirstAppUITests;
			productReference = 06CCD7DF2C773D3400C3A1CA /* FirstAppUITests.xctest */;
			productType = "com.apple.product-type.bundle.ui-testing";
		};
/* End PBXNativeTarget section */

/* Begin PBXProject section */
		06CCD7BD2C773D3100C3A1CA /* Project object */ = {
			isa = PBXProject;
			attributes = {
				BuildIndependentTargetsInParallel = 1;
				LastSwiftUpdateCheck = 1540;
				LastUpgradeCheck = 1540;
				TargetAttributes = {
					06CCD7C42C773D3100C3A1CA = {
						CreatedOnToolsVersion = 15.4;
					};
					06CCD7D42C773D3400C3A1CA = {
						CreatedOnToolsVersion = 15.4;
						TestTargetID = 06CCD7C42C773D3100C3A1CA;
					};
					06CCD7DE2C773D3400C3A1CA = {
						CreatedOnToolsVersion = 15.4;
						TestTargetID = 06CCD7C42C773D3100C3A1CA;
					};
				};
			};
			buildConfigurationList = 06CCD7C02C773D3100C3A1CA /* Build configuration list for PBXProject "FirstApp" */;
			compatibilityVersion = "Xcode 14.0";
			developmentRegion = en;
			hasScannedForEncodings = 0;
			knownRegions = (
				en,
				Base,
			);
			mainGroup = 06CCD7BC2C773D3100C3A1CA;
			productRefGroup = 06CCD7C62C773D3100C3A1CA /* Products */;
			projectDirPath = "";
			projectRoot = "";
			targets = (
				06CCD7C42C773D3100C3A1CA /* FirstApp */,
				06CCD7D42C773D3400C3A1CA /* FirstAppTests */,
				06CCD7DE2C773D3400C3A1CA /* FirstAppUITests */,
			);
		};
/* End PBXProject section */

/* Begin PBXResourcesBuildPhase section */
		06CCD7C32C773D3100C3A1CA /* Resources */ = {
			isa = PBXResourcesBuildPhase;
			buildActionMask = 2147483647;
			files = (
				06CCD7D02C773D3300C3A1CA /* Preview Assets.xcassets in Resources */,
				06CCD7CD2C773D3300C3A1CA /* Assets.xcassets in Resources */,
			);
			runOnlyForDeploymentPostprocessing = 0;
		};
		06CCD7D32C773D3400C3A1CA /* Resources */ = {
			isa = PBXResourcesBuildPhase;
			buildActionMask = 2147483647;
			files = (
			);
			runOnlyForDeploymentPostprocessing = 0;
		};
		06CCD7DD2C773D3400C3A1CA /* Resources */ = {
			isa = PBXResourcesBuildPhase;
			buildActionMask = 2147483647;
			files = (
			);
			runOnlyForDeploymentPostprocessing = 0;
		};
/* End PBXResourcesBuildPhase section */

/* Begin PBXSourcesBuildPhase section */
		06CCD7C12C773D3100C3A1CA /* Sources */ = {
			isa = PBXSourcesBuildPhase;
			buildActionMask = 2147483647;
			files = (
				06CCD7F62C7742D300C3A1CA /* Main.swift in Sources */,
				06CCD7F92C77497100C3A1CA /* LocationView.swift in Sources */,
				06CCD7CB2C773D3100C3A1CA /* ContentView.swift in Sources */,
				06CCD7C92C773D3100C3A1CA /* FirstAppApp.swift in Sources */,
			);
			runOnlyForDeploymentPostprocessing = 0;
		};
		06CCD7D12C773D3400C3A1CA /* Sources */ = {
			isa = PBXSourcesBuildPhase;
			buildActionMask = 2147483647;
			files = (
				06CCD7DA2C773D3400C3A1CA /* FirstAppTests.swift in Sources */,
			);
			runOnlyForDeploymentPostprocessing = 0;
		};
		06CCD7DB2C773D3400C3A1CA /* Sources */ = {
			isa = PBXSourcesBuildPhase;
			buildActionMask = 2147483647;
			files = (
				06CCD7E62C773D3400C3A1CA /* FirstAppUITestsLaunchTests.swift in Sources */,
				06CCD7E42C773D3400C3A1CA /* FirstAppUITests.swift in Sources */,
			);
			runOnlyForDeploymentPostprocessing = 0;
		};
/* End PBXSourcesBuildPhase section */

/* Begin PBXTargetDependency section */
		06CCD7D72C773D3400C3A1CA /* PBXTargetDependency */ = {
			isa = PBXTargetDependency;
			target = 06CCD7C42C773D3100C3A1CA /* FirstApp */;
			targetProxy = 06CCD7D62C773D3400C3A1CA /* PBXContainerItemProxy */;
		};
		06CCD7E12C773D3400C3A1CA /* PBXTargetDependency */ = {
			isa = PBXTargetDependency;
			target = 06CCD7C42C773D3100C3A1CA /* FirstApp */;
			targetProxy = 06CCD7E02C773D3400C3A1CA /* PBXContainerItemProxy */;
		};
/* End PBXTargetDependency section */

/* Begin XCBuildConfiguration section */
		06CCD7E72C773D3400C3A1CA /* Debug */ = {
			isa = XCBuildConfiguration;
			buildSettings = {
				ALWAYS_SEARCH_USER_PATHS = NO;
				ASSETCATALOG_COMPILER_GENERATE_SWIFT_ASSET_SYMBOL_EXTENSIONS = YES;
				CLANG_ANALYZER_NONNULL = YES;
				CLANG_ANALYZER_NUMBER_OBJECT_CONVERSION = YES_AGGRESSIVE;
				CLANG_CXX_LANGUAGE_STANDARD = "gnu++20";
				CLANG_ENABLE_MODULES = YES;
				CLANG_ENABLE_OBJC_ARC = YES;
				CLANG_ENABLE_OBJC_WEAK = YES;
				CLANG_WARN_BLOCK_CAPTURE_AUTORELEASING = YES;
				CLANG_WARN_BOOL_CONVERSION = YES;
				CLANG_WARN_COMMA = YES;
				CLANG_WARN_CONSTANT_CONVERSION = YES;
				CLANG_WARN_DEPRECATED_OBJC_IMPLEMENTATIONS = YES;
				CLANG_WARN_DIRECT_OBJC_ISA_USAGE = YES_ERROR;
				CLANG_WARN_DOCUMENTATION_COMMENTS = YES;
				CLANG_WARN_EMPTY_BODY = YES;
				CLANG_WARN_ENUM_CONVERSION = YES;
				CLANG_WARN_INFINITE_RECURSION = YES;
				CLANG_WARN_INT_CONVERSION = YES;
				CLANG_WARN_NON_LITERAL_NULL_CONVERSION = YES;
				CLANG_WARN_OBJC_IMPLICIT_RETAIN_SELF = YES;
				CLANG_WARN_OBJC_LITERAL_CONVERSION = YES;
				CLANG_WARN_OBJC_ROOT_CLASS = YES_ERROR;
				CLANG_WARN_QUOTED_INCLUDE_IN_FRAMEWORK_HEADER = YES;
				CLANG_WARN_RANGE_LOOP_ANALYSIS = YES;
				CLANG_WARN_STRICT_PROTOTYPES = YES;
				CLANG_WARN_SUSPICIOUS_MOVE = YES;
				CLANG_WARN_UNGUARDED_AVAILABILITY = YES_AGGRESSIVE;
				CLANG_WARN_UNREACHABLE_CODE = YES;
				CLANG_WARN__DUPLICATE_METHOD_MATCH = YES;
				COPY_PHASE_STRIP = NO;
				DEBUG_INFORMATION_FORMAT = dwarf;
				ENABLE_STRICT_OBJC_MSGSEND = YES;
				ENABLE_TESTABILITY = YES;
				ENABLE_USER_SCRIPT_SANDBOXING = YES;
				GCC_C_LANGUAGE_STANDARD = gnu17;
				GCC_DYNAMIC_NO_PIC = NO;
				GCC_NO_COMMON_BLOCKS = YES;
				GCC_OPTIMIZATION_LEVEL = 0;
				GCC_PREPROCESSOR_DEFINITIONS = (
					"DEBUG=1",
					"$(inherited)",
				);
				GCC_WARN_64_TO_32_BIT_CONVERSION = YES;
				GCC_WARN_ABOUT_RETURN_TYPE = YES_ERROR;
				GCC_WARN_UNDECLARED_SELECTOR = YES;
				GCC_WARN_UNINITIALIZED_AUTOS = YES_AGGRESSIVE;
				GCC_WARN_UNUSED_FUNCTION = YES;
				GCC_WARN_UNUSED_VARIABLE = YES;
				IPHONEOS_DEPLOYMENT_TARGET = 17.5;
				LOCALIZATION_PREFERS_STRING_CATALOGS = YES;
				MTL_ENABLE_DEBUG_INFO = INCLUDE_SOURCE;
				MTL_FAST_MATH = YES;
				ONLY_ACTIVE_ARCH = YES;
				SDKROOT = iphoneos;
				SWIFT_ACTIVE_COMPILATION_CONDITIONS = "DEBUG $(inherited)";
				SWIFT_OPTIMIZATION_LEVEL = "-Onone";
			};
			name = Debug;
		};
		06CCD7E82C773D3400C3A1CA /* Release */ = {
			isa = XCBuildConfiguration;
			buildSettings = {
				ALWAYS_SEARCH_USER_PATHS = NO;
				ASSETCATALOG_COMPILER_GENERATE_SWIFT_ASSET_SYMBOL_EXTENSIONS = YES;
				CLANG_ANALYZER_NONNULL = YES;
				CLANG_ANALYZER_NUMBER_OBJECT_CONVERSION = YES_AGGRESSIVE;
				CLANG_CXX_LANGUAGE_STANDARD = "gnu++20";
				CLANG_ENABLE_MODULES = YES;
				CLANG_ENABLE_OBJC_ARC = YES;
				CLANG_ENABLE_OBJC_WEAK = YES;
				CLANG_WARN_BLOCK_CAPTURE_AUTORELEASING = YES;
				CLANG_WARN_BOOL_CONVERSION = YES;
				CLANG_WARN_COMMA = YES;
				CLANG_WARN_CONSTANT_CONVERSION = YES;
				CLANG_WARN_DEPRECATED_OBJC_IMPLEMENTATIONS = YES;
				CLANG_WARN_DIRECT_OBJC_ISA_USAGE = YES_ERROR;
				CLANG_WARN_DOCUMENTATION_COMMENTS = YES;
				CLANG_WARN_EMPTY_BODY = YES;
				CLANG_WARN_ENUM_CONVERSION = YES;
				CLANG_WARN_INFINITE_RECURSION = YES;
				CLANG_WARN_INT_CONVERSION = YES;
				CLANG_WARN_NON_LITERAL_NULL_CONVERSION = YES;
				CLANG_WARN_OBJC_IMPLICIT_RETAIN_SELF = YES;
				CLANG_WARN_OBJC_LITERAL_CONVERSION = YES;
				CLANG_WARN_OBJC_ROOT_CLASS = YES_ERROR;
				CLANG_WARN_QUOTED_INCLUDE_IN_FRAMEWORK_HEADER = YES;
				CLANG_WARN_RANGE_LOOP_ANALYSIS = YES;
				CLANG_WARN_STRICT_PROTOTYPES = YES;
				CLANG_WARN_SUSPICIOUS_MOVE = YES;
				CLANG_WARN_UNGUARDED_AVAILABILITY = YES_AGGRESSIVE;
				CLANG_WARN_UNREACHABLE_CODE = YES;
				CLANG_WARN__DUPLICATE_METHOD_MATCH = YES;
				COPY_PHASE_STRIP = NO;
				DEBUG_INFORMATION_FORMAT = "dwarf-with-dsym";
				ENABLE_NS_ASSERTIONS = NO;
				ENABLE_STRICT_OBJC_MSGSEND = YES;
				ENABLE_USER_SCRIPT_SANDBOXING = YES;
				GCC_C_LANGUAGE_STANDARD = gnu17;
				GCC_NO_COMMON_BLOCKS = YES;
				GCC_WARN_64_TO_32_BIT_CONVERSION = YES;
				GCC_WARN_ABOUT_RETURN_TYPE = YES_ERROR;
				GCC_WARN_UNDECLARED_SELECTOR = YES;
				GCC_WARN_UNINITIALIZED_AUTOS = YES_AGGRESSIVE;
				GCC_WARN_UNUSED_FUNCTION = YES;
				GCC_WARN_UNUSED_VARIABLE = YES;
				IPHONEOS_DEPLOYMENT_TARGET = 17.5;
				LOCALIZATION_PREFERS_STRING_CATALOGS = YES;
				MTL_ENABLE_DEBUG_INFO = NO;
				MTL_FAST_MATH = YES;
				SDKROOT = iphoneos;
				SWIFT_COMPILATION_MODE = wholemodule;
				VALIDATE_PRODUCT = YES;
			};
			name = Release;
		};
		06CCD7EA2C773D3400C3A1CA /* Debug */ = {
			isa = XCBuildConfiguration;
			buildSettings = {
				ASSETCATALOG_COMPILER_APPICON_NAME = AppIcon;
				ASSETCATALOG_COMPILER_GLOBAL_ACCENT_COLOR_NAME = AccentColor;
				CODE_SIGN_ENTITLEMENTS = FirstApp/FirstApp.entitlements;
				CODE_SIGN_STYLE = Automatic;
				CURRENT_PROJECT_VERSION = 1;
				DEVELOPMENT_ASSET_PATHS = "\"FirstApp/Preview Content\"";
				DEVELOPMENT_TEAM = PDEKAZ43QL;
				ENABLE_PREVIEWS = YES;
				GENERATE_INFOPLIST_FILE = YES;
				INFOPLIST_FILE = FirstApp/Info.plist;
				INFOPLIST_KEY_UIApplicationSceneManifest_Generation = YES;
				INFOPLIST_KEY_UIApplicationSupportsIndirectInputEvents = YES;
				INFOPLIST_KEY_UILaunchScreen_Generation = YES;
				INFOPLIST_KEY_UISupportedInterfaceOrientations_iPad = "UIInterfaceOrientationPortrait UIInterfaceOrientationPortraitUpsideDown UIInterfaceOrientationLandscapeLeft UIInterfaceOrientationLandscapeRight";
				INFOPLIST_KEY_UISupportedInterfaceOrientations_iPhone = "UIInterfaceOrientationPortrait UIInterfaceOrientationLandscapeLeft UIInterfaceOrientationLandscapeRight";
				LD_RUNPATH_SEARCH_PATHS = (
					"$(inherited)",
					"@executable_path/Frameworks",
				);
				MARKETING_VERSION = 1.0;
				PRODUCT_BUNDLE_IDENTIFIER = nexthink.FirstApp;
				PRODUCT_NAME = "$(TARGET_NAME)";
				SWIFT_EMIT_LOC_STRINGS = YES;
				SWIFT_VERSION = 5.0;
				TARGETED_DEVICE_FAMILY = "1,2";
			};
			name = Debug;
		};
		06CCD7EB2C773D3400C3A1CA /* Release */ = {
			isa = XCBuildConfiguration;
			buildSettings = {
				ASSETCATALOG_COMPILER_APPICON_NAME = AppIcon;
				ASSETCATALOG_COMPILER_GLOBAL_ACCENT_COLOR_NAME = AccentColor;
				CODE_SIGN_ENTITLEMENTS = FirstApp/FirstApp.entitlements;
				CODE_SIGN_STYLE = Automatic;
				CURRENT_PROJECT_VERSION = 1;
				DEVELOPMENT_ASSET_PATHS = "\"FirstApp/Preview Content\"";
				DEVELOPMENT_TEAM = PDEKAZ43QL;
				ENABLE_PREVIEWS = YES;
				GENERATE_INFOPLIST_FILE = YES;
				INFOPLIST_FILE = FirstApp/Info.plist;
				INFOPLIST_KEY_UIApplicationSceneManifest_Generation = YES;
				INFOPLIST_KEY_UIApplicationSupportsIndirectInputEvents = YES;
				INFOPLIST_KEY_UILaunchScreen_Generation = YES;
				INFOPLIST_KEY_UISupportedInterfaceOrientations_iPad = "UIInterfaceOrientationPortrait UIInterfaceOrientationPortraitUpsideDown UIInterfaceOrientationLandscapeLeft UIInterfaceOrientationLandscapeRight";
				INFOPLIST_KEY_UISupportedInterfaceOrientations_iPhone = "UIInterfaceOrientationPortrait UIInterfaceOrientationLandscapeLeft UIInterfaceOrientationLandscapeRight";
				LD_RUNPATH_SEARCH_PATHS = (
					"$(inherited)",
					"@executable_path/Frameworks",
				);
				MARKETING_VERSION = 1.0;
				PRODUCT_BUNDLE_IDENTIFIER = nexthink.FirstApp;
				PRODUCT_NAME = "$(TARGET_NAME)";
				SWIFT_EMIT_LOC_STRINGS = YES;
				SWIFT_VERSION = 5.0;
				TARGETED_DEVICE_FAMILY = "1,2";
			};
			name = Release;
		};
		06CCD7ED2C773D3400C3A1CA /* Debug */ = {
			isa = XCBuildConfiguration;
			buildSettings = {
				ALWAYS_EMBED_SWIFT_STANDARD_LIBRARIES = YES;
				BUNDLE_LOADER = "$(TEST_HOST)";
				CODE_SIGN_STYLE = Automatic;
				CURRENT_PROJECT_VERSION = 1;
				DEVELOPMENT_TEAM = PDEKAZ43QL;
				GENERATE_INFOPLIST_FILE = YES;
				IPHONEOS_DEPLOYMENT_TARGET = 17.5;
				MARKETING_VERSION = 1.0;
				PRODUCT_BUNDLE_IDENTIFIER = nexthink.FirstAppTests;
				PRODUCT_NAME = "$(TARGET_NAME)";
				SWIFT_EMIT_LOC_STRINGS = NO;
				SWIFT_VERSION = 5.0;
				TARGETED_DEVICE_FAMILY = "1,2";
				TEST_HOST = "$(BUILT_PRODUCTS_DIR)/FirstApp.app/$(BUNDLE_EXECUTABLE_FOLDER_PATH)/FirstApp";
			};
			name = Debug;
		};
		06CCD7EE2C773D3400C3A1CA /* Release */ = {
			isa = XCBuildConfiguration;
			buildSettings = {
				ALWAYS_EMBED_SWIFT_STANDARD_LIBRARIES = YES;
				BUNDLE_LOADER = "$(TEST_HOST)";
				CODE_SIGN_STYLE = Automatic;
				CURRENT_PROJECT_VERSION = 1;
				DEVELOPMENT_TEAM = PDEKAZ43QL;
				GENERATE_INFOPLIST_FILE = YES;
				IPHONEOS_DEPLOYMENT_TARGET = 17.5;
				MARKETING_VERSION = 1.0;
				PRODUCT_BUNDLE_IDENTIFIER = nexthink.FirstAppTests;
				PRODUCT_NAME = "$(TARGET_NAME)";
				SWIFT_EMIT_LOC_STRINGS = NO;
				SWIFT_VERSION = 5.0;
				TARGETED_DEVICE_FAMILY = "1,2";
				TEST_HOST = "$(BUILT_PRODUCTS_DIR)/FirstApp.app/$(BUNDLE_EXECUTABLE_FOLDER_PATH)/FirstApp";
			};
			name = Release;
		};
		06CCD7F02C773D3400C3A1CA /* Debug */ = {
			isa = XCBuildConfiguration;
			buildSettings = {
				ALWAYS_EMBED_SWIFT_STANDARD_LIBRARIES = YES;
				CODE_SIGN_STYLE = Automatic;
				CURRENT_PROJECT_VERSION = 1;
				DEVELOPMENT_TEAM = PDEKAZ43QL;
				GENERATE_INFOPLIST_FILE = YES;
				MARKETING_VERSION = 1.0;
				PRODUCT_BUNDLE_IDENTIFIER = nexthink.FirstAppUITests;
				PRODUCT_NAME = "$(TARGET_NAME)";
				SWIFT_EMIT_LOC_STRINGS = NO;
				SWIFT_VERSION = 5.0;
				TARGETED_DEVICE_FAMILY = "1,2";
				TEST_TARGET_NAME = FirstApp;
			};
			name = Debug;
		};
		06CCD7F12C773D3400C3A1CA /* Release */ = {
			isa = XCBuildConfiguration;
			buildSettings = {
				ALWAYS_EMBED_SWIFT_STANDARD_LIBRARIES = YES;
				CODE_SIGN_STYLE = Automatic;
				CURRENT_PROJECT_VERSION = 1;
				DEVELOPMENT_TEAM = PDEKAZ43QL;
				GENERATE_INFOPLIST_FILE = YES;
				MARKETING_VERSION = 1.0;
				PRODUCT_BUNDLE_IDENTIFIER = nexthink.FirstAppUITests;
				PRODUCT_NAME = "$(TARGET_NAME)";
				SWIFT_EMIT_LOC_STRINGS = NO;
				SWIFT_VERSION = 5.0;
				TARGETED_DEVICE_FAMILY = "1,2";
				TEST_TARGET_NAME = FirstApp;
			};
			name = Release;
		};
/* End XCBuildConfiguration section */

/* Begin XCConfigurationList section */
		06CCD7C02C773D3100C3A1CA /* Build configuration list for PBXProject "FirstApp" */ = {
			isa = XCConfigurationList;
			buildConfigurations = (
				06CCD7E72C773D3400C3A1CA /* Debug */,
				06CCD7E82C773D3400C3A1CA /* Release */,
			);
			defaultConfigurationIsVisible = 0;
			defaultConfigurationName = Release;
		};
		06CCD7E92C773D3400C3A1CA /* Build configuration list for PBXNativeTarget "FirstApp" */ = {
			isa = XCConfigurationList;
			buildConfigurations = (
				06CCD7EA2C773D3400C3A1CA /* Debug */,
				06CCD7EB2C773D3400C3A1CA /* Release */,
			);
			defaultConfigurationIsVisible = 0;
			defaultConfigurationName = Release;
		};
		06CCD7EC2C773D3400C3A1CA /* Build configuration list for PBXNativeTarget "FirstAppTests" */ = {
			isa = XCConfigurationList;
			buildConfigurations = (
				06CCD7ED2C773D3400C3A1CA /* Debug */,
				06CCD7EE2C773D3400C3A1CA /* Release */,
			);
			defaultConfigurationIsVisible = 0;
			defaultConfigurationName = Release;
		};
		06CCD7EF2C773D3400C3A1CA /* Build configuration list for PBXNativeTarget "FirstAppUITests" */ = {
			isa = XCConfigurationList;
			buildConfigurations = (
				06CCD7F02C773D3400C3A1CA /* Debug */,
				06CCD7F12C773D3400C3A1CA /* Release */,
			);
			defaultConfigurationIsVisible = 0;
			defaultConfigurationName = Release;
		};
/* End XCConfigurationList section */
	};
	rootObject = 06CCD7BD2C773D3100C3A1CA /* Project object */;
}
